<Solution>
    <Folder Name="/About/">
        <File Path="CHANGELOG.md"/>
        <File Path="LICENSE"/>
        <File Path="README.md"/>
    </Folder>
    <Folder Name="/CI/">
        <File Path=".github/workflows/release.yml"/>
        <File Path=".github/workflows/test.yml"/>
    </Folder>
    <Project Path="RimeDictManager/RimeDictManager.csproj"/>
    <Project Path="RimeDictManager.Tests/RimeDictManager.Tests.csproj"/>
</Solution>
